
Microsoft Visual Studio Solution File, Format Version 12.00
# Visual Studio 2012
Project("{FAE04EC0-301F-11D3-BF4B-00C04F79EFBC}") = "webTestGithub", "webTestGithub\webTestGithub.csproj", "{3FF93963-31C4-4A4A-96C8-12CB8477F37A}"
EndProject
Global
	GlobalSection(SolutionConfigurationPlatforms) = preSolution
		Debug|Any CPU = Debug|Any CPU
		Release|Any CPU = Release|Any CPU
	EndGlobalSection
	GlobalSection(ProjectConfigurationPlatforms) = postSolution
		{3FF93963-31C4-4A4A-96C8-12CB8477F37A}.Debug|Any CPU.ActiveCfg = Debug|Any CPU
		{3FF93963-31C4-4A4A-96C8-12CB8477F37A}.Debug|Any CPU.Build.0 = Debug|Any CPU
		{3FF93963-31C4-4A4A-96C8-12CB8477F37A}.Release|Any CPU.ActiveCfg = Release|Any CPU
		{3FF93963-31C4-4A4A-96C8-12CB8477F37A}.Release|Any CPU.Build.0 = Release|Any CPU
	EndGlobalSection
	GlobalSection(SolutionProperties) = preSolution
		HideSolutionNode = FALSE
	EndGlobalSection
EndGlobal
